
Microsoft Visual Studio Solution File, Format Version 12.00
# Visual Studio Version 16
VisualStudioVersion = 16.0.29306.81
MinimumVisualStudioVersion = 10.0.40219.1
Project("{FAE04EC0-301F-11D3-BF4B-00C04F79EFBC}") = "PoP_Assignement", "PoP_Assignement\PoP_Assignement.csproj", "{C9682269-E369-48D7-AE00-801F46EEBF0C}"
EndProject
Global
	GlobalSection(SolutionConfigurationPlatforms) = preSolution
		Debug|Any CPU = Debug|Any CPU
		Release|Any CPU = Release|Any CPU
	EndGlobalSection
	GlobalSection(ProjectConfigurationPlatforms) = postSolution
		{C9682269-E369-48D7-AE00-801F46EEBF0C}.Debug|Any CPU.ActiveCfg = Debug|Any CPU
		{C9682269-E369-48D7-AE00-801F46EEBF0C}.Debug|Any CPU.Build.0 = Debug|Any CPU
		{C9682269-E369-48D7-AE00-801F46EEBF0C}.Release|Any CPU.ActiveCfg = Release|Any CPU
		{C9682269-E369-48D7-AE00-801F46EEBF0C}.Release|Any CPU.Build.0 = Release|Any CPU
	EndGlobalSection
	GlobalSection(SolutionProperties) = preSolution
		HideSolutionNode = FALSE
	EndGlobalSection
	GlobalSection(ExtensibilityGlobals) = postSolution
		SolutionGuid = {63E63D73-B291-4257-BCBF-A01D34FCC126}
	EndGlobalSection
EndGlobal
